<Solution>
  <Folder Name="/Common/">
    <File Path="Directory.Build.props" />
    <File Path="Directory.Packages.props" />
  </Folder>
  <Folder Name="/Deployment/">
    <File Path=".github/workflows/ios_deploy_promisenative.yml" />
    <File Path=".github/workflows/main_promiseapi.yml" />
    <File Path=".github/workflows/main_promisesite.yml" />
    <File Path="info.md" />
  </Folder>
  <Project Path="Promise.Api/Promise.Api.csproj" />
  <Project Path="Promise.Comp/Promise.Comp.csproj" />
  <Project Path="Promise.Lib/Promise.Lib.csproj" />
  <Project Path="Promise.Native/Promise.Native.csproj">
    <Deploy />
  </Project>
  <Project Path="Promise.Web/Promise.Web.csproj" />
</Solution>
